
Microsoft Visual Studio Solution File, Format Version 12.00
# Visual Studio Version 16
VisualStudioVersion = 16.0.29409.12
MinimumVisualStudioVersion = 10.0.40219.1
Project("{9A19103F-16F7-4668-BE54-9A1E7A4F7556}") = "Behaviors.Forms.Xamarin", "Behaviors.Forms.Xamarin\Behaviors.Forms.Xamarin.csproj", "{1C808B71-A67F-4A0B-B986-7724ED1F7635}"
EndProject
Project("{2150E333-8FDC-42A3-9474-1A3956D46DE8}") = "Main", "Main", "{39CC0859-9510-4291-B1AA-451E5699CF2E}"
EndProject
Project("{2150E333-8FDC-42A3-9474-1A3956D46DE8}") = "Build", "Build", "{D0779709-D608-4C9F-8664-5A867A2995C7}"
	ProjectSection(SolutionItems) = preProject
		..\build\Behaviors.Xamarin.Forms.Netstandard.nuspec = ..\build\Behaviors.Xamarin.Forms.Netstandard.nuspec
		..\build\build.ps1 = ..\build\build.ps1
		..\build\publish.ps1 = ..\build\publish.ps1
		..\build\publishLocal.ps1 = ..\build\publishLocal.ps1
	EndProjectSection
EndProject
Project("{2150E333-8FDC-42A3-9474-1A3956D46DE8}") = "GitHub", "GitHub", "{8781992E-F532-4436-8AF4-DD42884CAE2A}"
	ProjectSection(SolutionItems) = preProject
		..\..\LICENSE = ..\..\LICENSE
		..\..\README.md = ..\..\README.md
	EndProjectSection
EndProject
Project("{9A19103F-16F7-4668-BE54-9A1E7A4F7556}") = "Behavior.Forms.Xamarin.Netstandard20", "Behavior.Forms.Xamarin.Netstandard20\Behavior.Forms.Xamarin.Netstandard20.csproj", "{41DF04B1-0E13-45A5-A0F6-474839B55244}"
EndProject
Project("{FAE04EC0-301F-11D3-BF4B-00C04F79EFBC}") = "SampleApp.Behavior.UWP", "..\test\SampleApp.Behavior\SampleApp.Behavior.UWP\SampleApp.Behavior.UWP.csproj", "{79934EFB-C43E-4F59-9FE8-FBF8C19021F0}"
EndProject
Project("{FAE04EC0-301F-11D3-BF4B-00C04F79EFBC}") = "SampleApp.Behavior.Android", "..\test\SampleApp.Behavior\SampleApp.Behavior.Android\SampleApp.Behavior.Android.csproj", "{C4294FB2-D613-4E6B-8725-CB9C128C2BAB}"
EndProject
Project("{FAE04EC0-301F-11D3-BF4B-00C04F79EFBC}") = "SampleApp.Behavior.iOS", "..\test\SampleApp.Behavior\SampleApp.Behavior.iOS\SampleApp.Behavior.iOS.csproj", "{2DCDB16F-6429-4B84-9E25-AC312E218718}"
EndProject
Project("{FAE04EC0-301F-11D3-BF4B-00C04F79EFBC}") = "SampleApp.Behavior", "..\test\SampleApp.Behavior\SampleApp.Behavior\SampleApp.Behavior.csproj", "{E5E6A587-4390-40AA-A208-CF87CB2E88BE}"
EndProject
Project("{2150E333-8FDC-42A3-9474-1A3956D46DE8}") = "Sample", "Sample", "{3224F2FB-8B15-4C11-85EB-1D0241A4E595}"
EndProject
Project("{2150E333-8FDC-42A3-9474-1A3956D46DE8}") = "Crossplatform", "Crossplatform", "{92D5BFF1-E5DC-4D46-B135-CA8EAC5B6A34}"
EndProject
Global
	GlobalSection(SolutionConfigurationPlatforms) = preSolution
		Debug|Any CPU = Debug|Any CPU
		Debug|ARM = Debug|ARM
		Debug|iPhone = Debug|iPhone
		Debug|iPhoneSimulator = Debug|iPhoneSimulator
		Debug|x64 = Debug|x64
		Debug|x86 = Debug|x86
		Release|Any CPU = Release|Any CPU
		Release|ARM = Release|ARM
		Release|iPhone = Release|iPhone
		Release|iPhoneSimulator = Release|iPhoneSimulator
		Release|x64 = Release|x64
		Release|x86 = Release|x86
	EndGlobalSection
	GlobalSection(ProjectConfigurationPlatforms) = postSolution
		{1C808B71-A67F-4A0B-B986-7724ED1F7635}.Debug|Any CPU.ActiveCfg = Debug|Any CPU
		{1C808B71-A67F-4A0B-B986-7724ED1F7635}.Debug|Any CPU.Build.0 = Debug|Any CPU
		{1C808B71-A67F-4A0B-B986-7724ED1F7635}.Debug|ARM.ActiveCfg = Debug|Any CPU
		{1C808B71-A67F-4A0B-B986-7724ED1F7635}.Debug|ARM.Build.0 = Debug|Any CPU
		{1C808B71-A67F-4A0B-B986-7724ED1F7635}.Debug|iPhone.ActiveCfg = Debug|Any CPU
		{1C808B71-A67F-4A0B-B986-7724ED1F7635}.Debug|iPhone.Build.0 = Debug|Any CPU
		{1C808B71-A67F-4A0B-B986-7724ED1F7635}.Debug|iPhoneSimulator.ActiveCfg = Debug|Any CPU
		{1C808B71-A67F-4A0B-B986-7724ED1F7635}.Debug|iPhoneSimulator.Build.0 = Debug|Any CPU
		{1C808B71-A67F-4A0B-B986-7724ED1F7635}.Debug|x64.ActiveCfg = Debug|Any CPU
		{1C808B71-A67F-4A0B-B986-7724ED1F7635}.Debug|x64.Build.0 = Debug|Any CPU
		{1C808B71-A67F-4A0B-B986-7724ED1F7635}.Debug|x86.ActiveCfg = Debug|Any CPU
		{1C808B71-A67F-4A0B-B986-7724ED1F7635}.Debug|x86.Build.0 = Debug|Any CPU
		{1C808B71-A67F-4A0B-B986-7724ED1F7635}.Release|Any CPU.ActiveCfg = Release|Any CPU
		{1C808B71-A67F-4A0B-B986-7724ED1F7635}.Release|Any CPU.Build.0 = Release|Any CPU
		{1C808B71-A67F-4A0B-B986-7724ED1F7635}.Release|ARM.ActiveCfg = Release|Any CPU
		{1C808B71-A67F-4A0B-B986-7724ED1F7635}.Release|ARM.Build.0 = Release|Any CPU
		{1C808B71-A67F-4A0B-B986-7724ED1F7635}.Release|iPhone.ActiveCfg = Release|Any CPU
		{1C808B71-A67F-4A0B-B986-7724ED1F7635}.Release|iPhone.Build.0 = Release|Any CPU
		{1C808B71-A67F-4A0B-B986-7724ED1F7635}.Release|iPhoneSimulator.ActiveCfg = Release|Any CPU
		{1C808B71-A67F-4A0B-B986-7724ED1F7635}.Release|iPhoneSimulator.Build.0 = Release|Any CPU
		{1C808B71-A67F-4A0B-B986-7724ED1F7635}.Release|x64.ActiveCfg = Release|Any CPU
		{1C808B71-A67F-4A0B-B986-7724ED1F7635}.Release|x64.Build.0 = Release|Any CPU
		{1C808B71-A67F-4A0B-B986-7724ED1F7635}.Release|x86.ActiveCfg = Release|Any CPU
		{1C808B71-A67F-4A0B-B986-7724ED1F7635}.Release|x86.Build.0 = Release|Any CPU
		{41DF04B1-0E13-45A5-A0F6-474839B55244}.Debug|Any CPU.ActiveCfg = Debug|Any CPU
		{41DF04B1-0E13-45A5-A0F6-474839B55244}.Debug|Any CPU.Build.0 = Debug|Any CPU
		{41DF04B1-0E13-45A5-A0F6-474839B55244}.Debug|ARM.ActiveCfg = Debug|Any CPU
		{41DF04B1-0E13-45A5-A0F6-474839B55244}.Debug|ARM.Build.0 = Debug|Any CPU
		{41DF04B1-0E13-45A5-A0F6-474839B55244}.Debug|iPhone.ActiveCfg = Debug|Any CPU
		{41DF04B1-0E13-45A5-A0F6-474839B55244}.Debug|iPhone.Build.0 = Debug|Any CPU
		{41DF04B1-0E13-45A5-A0F6-474839B55244}.Debug|iPhoneSimulator.ActiveCfg = Debug|Any CPU
		{41DF04B1-0E13-45A5-A0F6-474839B55244}.Debug|iPhoneSimulator.Build.0 = Debug|Any CPU
		{41DF04B1-0E13-45A5-A0F6-474839B55244}.Debug|x64.ActiveCfg = Debug|Any CPU
		{41DF04B1-0E13-45A5-A0F6-474839B55244}.Debug|x64.Build.0 = Debug|Any CPU
		{41DF04B1-0E13-45A5-A0F6-474839B55244}.Debug|x86.ActiveCfg = Debug|Any CPU
		{41DF04B1-0E13-45A5-A0F6-474839B55244}.Debug|x86.Build.0 = Debug|Any CPU
		{41DF04B1-0E13-45A5-A0F6-474839B55244}.Release|Any CPU.ActiveCfg = Release|Any CPU
		{41DF04B1-0E13-45A5-A0F6-474839B55244}.Release|Any CPU.Build.0 = Release|Any CPU
		{41DF04B1-0E13-45A5-A0F6-474839B55244}.Release|ARM.ActiveCfg = Release|Any CPU
		{41DF04B1-0E13-45A5-A0F6-474839B55244}.Release|ARM.Build.0 = Release|Any CPU
		{41DF04B1-0E13-45A5-A0F6-474839B55244}.Release|iPhone.ActiveCfg = Release|Any CPU
		{41DF04B1-0E13-45A5-A0F6-474839B55244}.Release|iPhone.Build.0 = Release|Any CPU
		{41DF04B1-0E13-45A5-A0F6-474839B55244}.Release|iPhoneSimulator.ActiveCfg = Release|Any CPU
		{41DF04B1-0E13-45A5-A0F6-474839B55244}.Release|iPhoneSimulator.Build.0 = Release|Any CPU
		{41DF04B1-0E13-45A5-A0F6-474839B55244}.Release|x64.ActiveCfg = Release|Any CPU
		{41DF04B1-0E13-45A5-A0F6-474839B55244}.Release|x64.Build.0 = Release|Any CPU
		{41DF04B1-0E13-45A5-A0F6-474839B55244}.Release|x86.ActiveCfg = Release|Any CPU
		{41DF04B1-0E13-45A5-A0F6-474839B55244}.Release|x86.Build.0 = Release|Any CPU
		{79934EFB-C43E-4F59-9FE8-FBF8C19021F0}.Debug|Any CPU.ActiveCfg = Debug|x86
		{79934EFB-C43E-4F59-9FE8-FBF8C19021F0}.Debug|ARM.ActiveCfg = Debug|ARM
		{79934EFB-C43E-4F59-9FE8-FBF8C19021F0}.Debug|ARM.Build.0 = Debug|ARM
		{79934EFB-C43E-4F59-9FE8-FBF8C19021F0}.Debug|ARM.Deploy.0 = Debug|ARM
		{79934EFB-C43E-4F59-9FE8-FBF8C19021F0}.Debug|iPhone.ActiveCfg = Debug|x86
		{79934EFB-C43E-4F59-9FE8-FBF8C19021F0}.Debug|iPhoneSimulator.ActiveCfg = Debug|x86
		{79934EFB-C43E-4F59-9FE8-FBF8C19021F0}.Debug|x64.ActiveCfg = Debug|x64
		{79934EFB-C43E-4F59-9FE8-FBF8C19021F0}.Debug|x64.Build.0 = Debug|x64
		{79934EFB-C43E-4F59-9FE8-FBF8C19021F0}.Debug|x64.Deploy.0 = Debug|x64
		{79934EFB-C43E-4F59-9FE8-FBF8C19021F0}.Debug|x86.ActiveCfg = Debug|x86
		{79934EFB-C43E-4F59-9FE8-FBF8C19021F0}.Debug|x86.Build.0 = Debug|x86
		{79934EFB-C43E-4F59-9FE8-FBF8C19021F0}.Debug|x86.Deploy.0 = Debug|x86
		{79934EFB-C43E-4F59-9FE8-FBF8C19021F0}.Release|Any CPU.ActiveCfg = Release|x86
		{79934EFB-C43E-4F59-9FE8-FBF8C19021F0}.Release|ARM.ActiveCfg = Release|ARM
		{79934EFB-C43E-4F59-9FE8-FBF8C19021F0}.Release|ARM.Build.0 = Release|ARM
		{79934EFB-C43E-4F59-9FE8-FBF8C19021F0}.Release|ARM.Deploy.0 = Release|ARM
		{79934EFB-C43E-4F59-9FE8-FBF8C19021F0}.Release|iPhone.ActiveCfg = Release|x86
		{79934EFB-C43E-4F59-9FE8-FBF8C19021F0}.Release|iPhoneSimulator.ActiveCfg = Release|x86
		{79934EFB-C43E-4F59-9FE8-FBF8C19021F0}.Release|x64.ActiveCfg = Release|x64
		{79934EFB-C43E-4F59-9FE8-FBF8C19021F0}.Release|x64.Build.0 = Release|x64
		{79934EFB-C43E-4F59-9FE8-FBF8C19021F0}.Release|x64.Deploy.0 = Release|x64
		{79934EFB-C43E-4F59-9FE8-FBF8C19021F0}.Release|x86.ActiveCfg = Release|x86
		{79934EFB-C43E-4F59-9FE8-FBF8C19021F0}.Release|x86.Build.0 = Release|x86
		{79934EFB-C43E-4F59-9FE8-FBF8C19021F0}.Release|x86.Deploy.0 = Release|x86
		{C4294FB2-D613-4E6B-8725-CB9C128C2BAB}.Debug|Any CPU.ActiveCfg = Debug|Any CPU
		{C4294FB2-D613-4E6B-8725-CB9C128C2BAB}.Debug|Any CPU.Build.0 = Debug|Any CPU
		{C4294FB2-D613-4E6B-8725-CB9C128C2BAB}.Debug|Any CPU.Deploy.0 = Debug|Any CPU
		{C4294FB2-D613-4E6B-8725-CB9C128C2BAB}.Debug|ARM.ActiveCfg = Debug|Any CPU
		{C4294FB2-D613-4E6B-8725-CB9C128C2BAB}.Debug|ARM.Build.0 = Debug|Any CPU
		{C4294FB2-D613-4E6B-8725-CB9C128C2BAB}.Debug|ARM.Deploy.0 = Debug|Any CPU
		{C4294FB2-D613-4E6B-8725-CB9C128C2BAB}.Debug|iPhone.ActiveCfg = Debug|Any CPU
		{C4294FB2-D613-4E6B-8725-CB9C128C2BAB}.Debug|iPhone.Build.0 = Debug|Any CPU
		{C4294FB2-D613-4E6B-8725-CB9C128C2BAB}.Debug|iPhone.Deploy.0 = Debug|Any CPU
		{C4294FB2-D613-4E6B-8725-CB9C128C2BAB}.Debug|iPhoneSimulator.ActiveCfg = Debug|Any CPU
		{C4294FB2-D613-4E6B-8725-CB9C128C2BAB}.Debug|iPhoneSimulator.Build.0 = Debug|Any CPU
		{C4294FB2-D613-4E6B-8725-CB9C128C2BAB}.Debug|iPhoneSimulator.Deploy.0 = Debug|Any CPU
		{C4294FB2-D613-4E6B-8725-CB9C128C2BAB}.Debug|x64.ActiveCfg = Debug|Any CPU
		{C4294FB2-D613-4E6B-8725-CB9C128C2BAB}.Debug|x64.Build.0 = Debug|Any CPU
		{C4294FB2-D613-4E6B-8725-CB9C128C2BAB}.Debug|x64.Deploy.0 = Debug|Any CPU
		{C4294FB2-D613-4E6B-8725-CB9C128C2BAB}.Debug|x86.ActiveCfg = Debug|Any CPU
		{C4294FB2-D613-4E6B-8725-CB9C128C2BAB}.Debug|x86.Build.0 = Debug|Any CPU
		{C4294FB2-D613-4E6B-8725-CB9C128C2BAB}.Debug|x86.Deploy.0 = Debug|Any CPU
		{C4294FB2-D613-4E6B-8725-CB9C128C2BAB}.Release|Any CPU.ActiveCfg = Release|Any CPU
		{C4294FB2-D613-4E6B-8725-CB9C128C2BAB}.Release|Any CPU.Build.0 = Release|Any CPU
		{C4294FB2-D613-4E6B-8725-CB9C128C2BAB}.Release|Any CPU.Deploy.0 = Release|Any CPU
		{C4294FB2-D613-4E6B-8725-CB9C128C2BAB}.Release|ARM.ActiveCfg = Release|Any CPU
		{C4294FB2-D613-4E6B-8725-CB9C128C2BAB}.Release|ARM.Build.0 = Release|Any CPU
		{C4294FB2-D613-4E6B-8725-CB9C128C2BAB}.Release|ARM.Deploy.0 = Release|Any CPU
		{C4294FB2-D613-4E6B-8725-CB9C128C2BAB}.Release|iPhone.ActiveCfg = Release|Any CPU
		{C4294FB2-D613-4E6B-8725-CB9C128C2BAB}.Release|iPhone.Build.0 = Release|Any CPU
		{C4294FB2-D613-4E6B-8725-CB9C128C2BAB}.Release|iPhone.Deploy.0 = Release|Any CPU
		{C4294FB2-D613-4E6B-8725-CB9C128C2BAB}.Release|iPhoneSimulator.ActiveCfg = Release|Any CPU
		{C4294FB2-D613-4E6B-8725-CB9C128C2BAB}.Release|iPhoneSimulator.Build.0 = Release|Any CPU
		{C4294FB2-D613-4E6B-8725-CB9C128C2BAB}.Release|iPhoneSimulator.Deploy.0 = Release|Any CPU
		{C4294FB2-D613-4E6B-8725-CB9C128C2BAB}.Release|x64.ActiveCfg = Release|Any CPU
		{C4294FB2-D613-4E6B-8725-CB9C128C2BAB}.Release|x64.Build.0 = Release|Any CPU
		{C4294FB2-D613-4E6B-8725-CB9C128C2BAB}.Release|x64.Deploy.0 = Release|Any CPU
		{C4294FB2-D613-4E6B-8725-CB9C128C2BAB}.Release|x86.ActiveCfg = Release|Any CPU
		{C4294FB2-D613-4E6B-8725-CB9C128C2BAB}.Release|x86.Build.0 = Release|Any CPU
		{C4294FB2-D613-4E6B-8725-CB9C128C2BAB}.Release|x86.Deploy.0 = Release|Any CPU
		{2DCDB16F-6429-4B84-9E25-AC312E218718}.Debug|Any CPU.ActiveCfg = Debug|iPhone
		{2DCDB16F-6429-4B84-9E25-AC312E218718}.Debug|ARM.ActiveCfg = Debug|iPhone
		{2DCDB16F-6429-4B84-9E25-AC312E218718}.Debug|iPhone.ActiveCfg = Debug|iPhone
		{2DCDB16F-6429-4B84-9E25-AC312E218718}.Debug|iPhone.Build.0 = Debug|iPhone
		{2DCDB16F-6429-4B84-9E25-AC312E218718}.Debug|iPhoneSimulator.ActiveCfg = Debug|iPhoneSimulator
		{2DCDB16F-6429-4B84-9E25-AC312E218718}.Debug|iPhoneSimulator.Build.0 = Debug|iPhoneSimulator
		{2DCDB16F-6429-4B84-9E25-AC312E218718}.Debug|x64.ActiveCfg = Debug|iPhone
		{2DCDB16F-6429-4B84-9E25-AC312E218718}.Debug|x86.ActiveCfg = Debug|iPhone
		{2DCDB16F-6429-4B84-9E25-AC312E218718}.Release|Any CPU.ActiveCfg = Release|iPhone
		{2DCDB16F-6429-4B84-9E25-AC312E218718}.Release|ARM.ActiveCfg = Release|iPhone
		{2DCDB16F-6429-4B84-9E25-AC312E218718}.Release|iPhone.ActiveCfg = Release|iPhone
		{2DCDB16F-6429-4B84-9E25-AC312E218718}.Release|iPhone.Build.0 = Release|iPhone
		{2DCDB16F-6429-4B84-9E25-AC312E218718}.Release|iPhoneSimulator.ActiveCfg = Release|iPhoneSimulator
		{2DCDB16F-6429-4B84-9E25-AC312E218718}.Release|iPhoneSimulator.Build.0 = Release|iPhoneSimulator
		{2DCDB16F-6429-4B84-9E25-AC312E218718}.Release|x64.ActiveCfg = Release|iPhone
		{2DCDB16F-6429-4B84-9E25-AC312E218718}.Release|x86.ActiveCfg = Release|iPhone
		{E5E6A587-4390-40AA-A208-CF87CB2E88BE}.Debug|Any CPU.ActiveCfg = Debug|Any CPU
		{E5E6A587-4390-40AA-A208-CF87CB2E88BE}.Debug|Any CPU.Build.0 = Debug|Any CPU
		{E5E6A587-4390-40AA-A208-CF87CB2E88BE}.Debug|ARM.ActiveCfg = Debug|Any CPU
		{E5E6A587-4390-40AA-A208-CF87CB2E88BE}.Debug|ARM.Build.0 = Debug|Any CPU
		{E5E6A587-4390-40AA-A208-CF87CB2E88BE}.Debug|iPhone.ActiveCfg = Debug|Any CPU
		{E5E6A587-4390-40AA-A208-CF87CB2E88BE}.Debug|iPhone.Build.0 = Debug|Any CPU
		{E5E6A587-4390-40AA-A208-CF87CB2E88BE}.Debug|iPhoneSimulator.ActiveCfg = Debug|Any CPU
		{E5E6A587-4390-40AA-A208-CF87CB2E88BE}.Debug|iPhoneSimulator.Build.0 = Debug|Any CPU
		{E5E6A587-4390-40AA-A208-CF87CB2E88BE}.Debug|x64.ActiveCfg = Debug|Any CPU
		{E5E6A587-4390-40AA-A208-CF87CB2E88BE}.Debug|x64.Build.0 = Debug|Any CPU
		{E5E6A587-4390-40AA-A208-CF87CB2E88BE}.Debug|x86.ActiveCfg = Debug|Any CPU
		{E5E6A587-4390-40AA-A208-CF87CB2E88BE}.Debug|x86.Build.0 = Debug|Any CPU
		{E5E6A587-4390-40AA-A208-CF87CB2E88BE}.Release|Any CPU.ActiveCfg = Release|Any CPU
		{E5E6A587-4390-40AA-A208-CF87CB2E88BE}.Release|Any CPU.Build.0 = Release|Any CPU
		{E5E6A587-4390-40AA-A208-CF87CB2E88BE}.Release|ARM.ActiveCfg = Release|Any CPU
		{E5E6A587-4390-40AA-A208-CF87CB2E88BE}.Release|ARM.Build.0 = Release|Any CPU
		{E5E6A587-4390-40AA-A208-CF87CB2E88BE}.Release|iPhone.ActiveCfg = Release|Any CPU
		{E5E6A587-4390-40AA-A208-CF87CB2E88BE}.Release|iPhone.Build.0 = Release|Any CPU
		{E5E6A587-4390-40AA-A208-CF87CB2E88BE}.Release|iPhoneSimulator.ActiveCfg = Release|Any CPU
		{E5E6A587-4390-40AA-A208-CF87CB2E88BE}.Release|iPhoneSimulator.Build.0 = Release|Any CPU
		{E5E6A587-4390-40AA-A208-CF87CB2E88BE}.Release|x64.ActiveCfg = Release|Any CPU
		{E5E6A587-4390-40AA-A208-CF87CB2E88BE}.Release|x64.Build.0 = Release|Any CPU
		{E5E6A587-4390-40AA-A208-CF87CB2E88BE}.Release|x86.ActiveCfg = Release|Any CPU
		{E5E6A587-4390-40AA-A208-CF87CB2E88BE}.Release|x86.Build.0 = Release|Any CPU
	EndGlobalSection
	GlobalSection(SolutionProperties) = preSolution
		HideSolutionNode = FALSE
	EndGlobalSection
	GlobalSection(NestedProjects) = preSolution
		{1C808B71-A67F-4A0B-B986-7724ED1F7635} = {39CC0859-9510-4291-B1AA-451E5699CF2E}
		{41DF04B1-0E13-45A5-A0F6-474839B55244} = {39CC0859-9510-4291-B1AA-451E5699CF2E}
		{79934EFB-C43E-4F59-9FE8-FBF8C19021F0} = {92D5BFF1-E5DC-4D46-B135-CA8EAC5B6A34}
		{C4294FB2-D613-4E6B-8725-CB9C128C2BAB} = {92D5BFF1-E5DC-4D46-B135-CA8EAC5B6A34}
		{2DCDB16F-6429-4B84-9E25-AC312E218718} = {92D5BFF1-E5DC-4D46-B135-CA8EAC5B6A34}
		{E5E6A587-4390-40AA-A208-CF87CB2E88BE} = {3224F2FB-8B15-4C11-85EB-1D0241A4E595}
		{92D5BFF1-E5DC-4D46-B135-CA8EAC5B6A34} = {3224F2FB-8B15-4C11-85EB-1D0241A4E595}
	EndGlobalSection
	GlobalSection(ExtensibilityGlobals) = postSolution
		SolutionGuid = {B380177D-F0B9-45ED-9F02-39459D06FF79}
	EndGlobalSection
EndGlobal
